
Microsoft Visual Studio Solution File, Format Version 12.00
# Visual Studio Version 16
VisualStudioVersion = 16.0.32413.511
MinimumVisualStudioVersion = 10.0.40219.1
Project("{FAE04EC0-301F-11D3-BF4B-00C04F79EFBC}") = "MyFirstGit", "MyFirstGit.csproj", "{34AD4312-79CC-4D83-BBAB-1D72DD2DBEEC}"
EndProject
Global
	GlobalSection(SolutionConfigurationPlatforms) = preSolution
		Debug|Any CPU = Debug|Any CPU
		Release|Any CPU = Release|Any CPU
	EndGlobalSection
	GlobalSection(ProjectConfigurationPlatforms) = postSolution
		{34AD4312-79CC-4D83-BBAB-1D72DD2DBEEC}.Debug|Any CPU.ActiveCfg = Debug|Any CPU
		{34AD4312-79CC-4D83-BBAB-1D72DD2DBEEC}.Debug|Any CPU.Build.0 = Debug|Any CPU
		{34AD4312-79CC-4D83-BBAB-1D72DD2DBEEC}.Release|Any CPU.ActiveCfg = Release|Any CPU
		{34AD4312-79CC-4D83-BBAB-1D72DD2DBEEC}.Release|Any CPU.Build.0 = Release|Any CPU
	EndGlobalSection
	GlobalSection(SolutionProperties) = preSolution
		HideSolutionNode = FALSE
	EndGlobalSection
	GlobalSection(ExtensibilityGlobals) = postSolution
		SolutionGuid = {67ABB339-AEDE-499D-8613-88412DCC5B5A}
	EndGlobalSection
EndGlobal
